
Microsoft Visual Studio Solution File, Format Version 12.00
# Visual Studio Version 17
VisualStudioVersion = 17.4.33205.214
MinimumVisualStudioVersion = 10.0.40219.1
Project("{2150E333-8FDC-42A3-9474-1A3956D46DE8}") = "Day1", "Day1", "{4A869069-C5D5-4BC0-A26F-084BFAA646A1}"
EndProject
Project("{9A19103F-16F7-4668-BE54-9A1E7A4F7556}") = "ITRun_HelloWorldConsoleApp", "Day1\ITRun_HelloWorldConsoleApp\ITRun_HelloWorldConsoleApp.csproj", "{5940E900-344A-4467-A0DB-051720534354}"
EndProject
Project("{9A19103F-16F7-4668-BE54-9A1E7A4F7556}") = "ITRun_Store", "Day1\ITRun_Store\ITRun_Store.csproj", "{A5BE2127-5CF5-4D15-AF43-EF5F717850A7}"
EndProject
Project("{2150E333-8FDC-42A3-9474-1A3956D46DE8}") = "Day2", "Day2", "{5637B9C3-5CE0-4B19-AD9F-C90B74E4C372}"
EndProject
Project("{2150E333-8FDC-42A3-9474-1A3956D46DE8}") = "Tasks", "Tasks", "{6098D6F9-8042-420B-8F4C-5A3A073C7106}"
EndProject
Project("{9A19103F-16F7-4668-BE54-9A1E7A4F7556}") = "BoxingAndUnboxingTask", "Day2\Tasks\BoxingAndUnboxingTask\BoxingAndUnboxingTask.csproj", "{84457B86-3A8B-41DE-9AC8-FE731325E254}"
EndProject
Project("{9A19103F-16F7-4668-BE54-9A1E7A4F7556}") = "MemoryTask", "Day2\Tasks\MemoryTask\MemoryTask.csproj", "{0B1FA54B-B2BF-4FA4-9148-01591E189C23}"
EndProject
Project("{9A19103F-16F7-4668-BE54-9A1E7A4F7556}") = "MemoryTest", "Day2\MemoryTest\MemoryTest.csproj", "{E06F28D7-27FA-4BC4-9B37-A5C6CB4B5C95}"
EndProject
Project("{2150E333-8FDC-42A3-9474-1A3956D46DE8}") = "Day3", "Day3", "{4C898FF5-F466-434D-8DFC-A269071AE837}"
EndProject
Project("{9A19103F-16F7-4668-BE54-9A1E7A4F7556}") = "ManagedAndUnmanaged", "Day3\ManagedAndUnmanaged\ManagedAndUnmanaged.csproj", "{28669128-FAD4-4DDC-B727-12FE343050F0}"
EndProject
Project("{2150E333-8FDC-42A3-9474-1A3956D46DE8}") = "Day4", "Day4", "{779CA170-FD0C-4146-8CC6-69BBB379F13C}"
EndProject
Project("{9A19103F-16F7-4668-BE54-9A1E7A4F7556}") = "ClassExamples", "Day4\ClassExamples\ClassExamples.csproj", "{A21FCB1E-C2CF-4AEB-8A7B-DC44A1EF79FF}"
EndProject
Project("{2150E333-8FDC-42A3-9474-1A3956D46DE8}") = "Day5", "Day5", "{84B0064F-11B3-4BEF-B2D1-9311D88BAABC}"
EndProject
Project("{9A19103F-16F7-4668-BE54-9A1E7A4F7556}") = "GenericExamples1.1", "Day5\GenericExamples\GenericExamples1.1.csproj", "{6A123986-E7CD-4218-88CE-AA771A46E6EE}"
EndProject
Project("{9A19103F-16F7-4668-BE54-9A1E7A4F7556}") = "Generic1.2", "Day5\Generi\Generic1.2\Generic1.2.csproj", "{D4C1780B-DB5A-4382-8097-386F16E4C6CC}"
EndProject
Project("{9A19103F-16F7-4668-BE54-9A1E7A4F7556}") = "Generic1.3", "Day5\Generic1.3\Generic1.3.csproj", "{BC603FD0-9E26-4C99-8BDB-0D18706D7938}"
EndProject
Project("{9A19103F-16F7-4668-BE54-9A1E7A4F7556}") = "Day5HomeWork", "Day5\Day5HomeWork\Day5HomeWork.csproj", "{330A1AB8-2647-4D64-8B04-47E7D6F5CB33}"
EndProject
Project("{2150E333-8FDC-42A3-9474-1A3956D46DE8}") = "Day6", "Day6", "{4AB960F6-4F41-45AE-97BB-B8C8F9CBA37D}"
EndProject
Project("{9A19103F-16F7-4668-BE54-9A1E7A4F7556}") = "LINQExamples", "Day6\LINQExamples\LINQExamples.csproj", "{8929E00E-4362-4CC7-A084-477B1C2AD0DA}"
EndProject
Project("{2150E333-8FDC-42A3-9474-1A3956D46DE8}") = "Day8-OOP", "Day8-OOP", "{AC98BF5E-D101-4C65-B39F-B0B9041D0217}"
EndProject
Project("{9A19103F-16F7-4668-BE54-9A1E7A4F7556}") = "OOPExamples", "Day8-OOP\OOPExamples\OOPExamples.csproj", "{A901340C-1FB3-49DA-827B-9A210712D827}"
EndProject
Project("{2150E333-8FDC-42A3-9474-1A3956D46DE8}") = "DesignPatternsExample", "DesignPatternsExample", "{3A679BE3-5855-4431-AE74-0F26F49A121A}"
EndProject
Project("{9A19103F-16F7-4668-BE54-9A1E7A4F7556}") = "MyWarehouse", "DesignPatterns\MyWarehouse\MyWarehouse.csproj", "{D84968B0-90BB-454D-8A1C-3910A8C20A59}"
EndProject
Project("{2150E333-8FDC-42A3-9474-1A3956D46DE8}") = "Exam", "Exam", "{BD20572A-AF81-4386-8D67-3C57251A95A6}"
EndProject
Project("{9A19103F-16F7-4668-BE54-9A1E7A4F7556}") = "ExamProject", "Exam\ExamProject\ExamProject.csproj", "{1C571FA1-46F5-4225-B704-12FF722041E0}"
EndProject
Project("{2150E333-8FDC-42A3-9474-1A3956D46DE8}") = "REST", "REST", "{D5135BD9-2E88-4BC1-86B3-D5540AEC3D1A}"
EndProject
Project("{9A19103F-16F7-4668-BE54-9A1E7A4F7556}") = "Domain", "REST\EmployeeService\src\Domain\Domain\Domain.csproj", "{0E9FA182-693E-43D4-B887-254317C0C137}"
EndProject
Project("{2150E333-8FDC-42A3-9474-1A3956D46DE8}") = "EmployeeService", "EmployeeService", "{E77BE4CE-EDE3-480A-9492-4FA5FE0C780D}"
EndProject
Project("{2150E333-8FDC-42A3-9474-1A3956D46DE8}") = "src", "src", "{67F9455F-E270-4FF9-A9DD-BD85AB2C932C}"
EndProject
Project("{9A19103F-16F7-4668-BE54-9A1E7A4F7556}") = "Application", "REST\EmployeeService\src\Application\Application\Application.csproj", "{25B990A6-602D-42F3-BBAA-D017A184E9ED}"
EndProject
Project("{9A19103F-16F7-4668-BE54-9A1E7A4F7556}") = "Infrastructure", "REST\EmployeeService\src\Infrastructure\Infrastructure\Infrastructure.csproj", "{2560B91D-776A-416F-83AD-2F239901DE9A}"
EndProject
Project("{9A19103F-16F7-4668-BE54-9A1E7A4F7556}") = "Web.Api", "REST\EmployeeService\src\Web.Api\Web.Api\Web.Api.csproj", "{9D7CAA7C-A4D1-4B3B-B3BE-6CE77C20512B}"
EndProject
Project("{9A19103F-16F7-4668-BE54-9A1E7A4F7556}") = "Employee.Web.Api.Contracts", "REST\EmployeeService\src\New folder\Employee.Web.Api.Contacts\Employee.Web.Api.Contracts.csproj", "{2C305099-E09B-4D10-876C-03B8C240C5A5}"
EndProject
Project("{2150E333-8FDC-42A3-9474-1A3956D46DE8}") = "EF", "EF", "{051F2787-626B-48EC-B1DB-8522E36DEE80}"
EndProject
Project("{9A19103F-16F7-4668-BE54-9A1E7A4F7556}") = "EFTest", "EF\EFTest\EFTest.csproj", "{F411201D-0441-4DA7-9CEF-D4110E69CE23}"
EndProject
Project("{9A19103F-16F7-4668-BE54-9A1E7A4F7556}") = "AccountService", "REST\AccountService\AccountService.csproj", "{EAF2094C-1436-44DC-9C83-FA25D7A9E9F4}"
EndProject
Project("{2150E333-8FDC-42A3-9474-1A3956D46DE8}") = "TDD", "TDD", "{1C522E11-6715-46BD-AF80-48C787981495}"
EndProject
Project("{9A19103F-16F7-4668-BE54-9A1E7A4F7556}") = "Calculator.UnitTests", "TDD\Calculator.UnitTests\Calculator.UnitTests.csproj", "{4168CC12-845F-439B-8A76-EDB82168BC45}"
EndProject
Project("{9A19103F-16F7-4668-BE54-9A1E7A4F7556}") = "MyCalculatorApp", "TDD\MyCalculatorApp\MyCalculatorApp.csproj", "{8F4667F7-67A9-4E1A-8211-217827784E8A}"
EndProject
Project("{2150E333-8FDC-42A3-9474-1A3956D46DE8}") = "DownloaderApp", "DownloaderApp", "{4AC28D58-77B1-47CF-88E2-DFC30471C473}"
EndProject
Project("{9A19103F-16F7-4668-BE54-9A1E7A4F7556}") = "DownloaderApp", "DownloaderApp\DownloaderApp\DownloaderApp.csproj", "{471D70FC-81AD-4AE8-AFA3-314D12E40C9A}"
EndProject
Project("{2150E333-8FDC-42A3-9474-1A3956D46DE8}") = "Threads", "Threads", "{2046F1B7-1A87-4F7B-8F3A-3FB2D1DF91BC}"
EndProject
Project("{9A19103F-16F7-4668-BE54-9A1E7A4F7556}") = "Multithreading", "Threads\Multithreading\Multithreading.csproj", "{F634DF31-ED09-41ED-B139-1E56EBC0B7AB}"
EndProject
Project("{9A19103F-16F7-4668-BE54-9A1E7A4F7556}") = "DentalApp", "Threads\DentalApp\DentalApp.csproj", "{DEA2678A-675B-4D94-BDD9-D2625ACE96C3}"
EndProject
Project("{9A19103F-16F7-4668-BE54-9A1E7A4F7556}") = "FileMigrator", "Threads\FileMigrator\FileMigrator.csproj", "{4E0911ED-276C-4F0B-8054-820D0014028F}"
EndProject
Project("{2150E333-8FDC-42A3-9474-1A3956D46DE8}") = "Blazor", "Blazor", "{BCEC71CF-33DD-4EF2-865F-3D81C024B8D0}"
EndProject
Project("{FAE04EC0-301F-11D3-BF4B-00C04F79EFBC}") = "WarehouseClient", "Blazor\WarehouseClient\WarehouseClient.csproj", "{9F7BCDD7-7C68-4E46-89B6-62B7A4B42972}"
EndProject
Global
	GlobalSection(SolutionConfigurationPlatforms) = preSolution
		Debug|Any CPU = Debug|Any CPU
		Release|Any CPU = Release|Any CPU
	EndGlobalSection
	GlobalSection(ProjectConfigurationPlatforms) = postSolution
		{5940E900-344A-4467-A0DB-051720534354}.Debug|Any CPU.ActiveCfg = Debug|Any CPU
		{5940E900-344A-4467-A0DB-051720534354}.Debug|Any CPU.Build.0 = Debug|Any CPU
		{5940E900-344A-4467-A0DB-051720534354}.Release|Any CPU.ActiveCfg = Release|Any CPU
		{5940E900-344A-4467-A0DB-051720534354}.Release|Any CPU.Build.0 = Release|Any CPU
		{A5BE2127-5CF5-4D15-AF43-EF5F717850A7}.Debug|Any CPU.ActiveCfg = Debug|Any CPU
		{A5BE2127-5CF5-4D15-AF43-EF5F717850A7}.Debug|Any CPU.Build.0 = Debug|Any CPU
		{A5BE2127-5CF5-4D15-AF43-EF5F717850A7}.Release|Any CPU.ActiveCfg = Release|Any CPU
		{A5BE2127-5CF5-4D15-AF43-EF5F717850A7}.Release|Any CPU.Build.0 = Release|Any CPU
		{84457B86-3A8B-41DE-9AC8-FE731325E254}.Debug|Any CPU.ActiveCfg = Debug|Any CPU
		{84457B86-3A8B-41DE-9AC8-FE731325E254}.Debug|Any CPU.Build.0 = Debug|Any CPU
		{84457B86-3A8B-41DE-9AC8-FE731325E254}.Release|Any CPU.ActiveCfg = Release|Any CPU
		{84457B86-3A8B-41DE-9AC8-FE731325E254}.Release|Any CPU.Build.0 = Release|Any CPU
		{0B1FA54B-B2BF-4FA4-9148-01591E189C23}.Debug|Any CPU.ActiveCfg = Debug|Any CPU
		{0B1FA54B-B2BF-4FA4-9148-01591E189C23}.Debug|Any CPU.Build.0 = Debug|Any CPU
		{0B1FA54B-B2BF-4FA4-9148-01591E189C23}.Release|Any CPU.ActiveCfg = Release|Any CPU
		{0B1FA54B-B2BF-4FA4-9148-01591E189C23}.Release|Any CPU.Build.0 = Release|Any CPU
		{E06F28D7-27FA-4BC4-9B37-A5C6CB4B5C95}.Debug|Any CPU.ActiveCfg = Debug|Any CPU
		{E06F28D7-27FA-4BC4-9B37-A5C6CB4B5C95}.Debug|Any CPU.Build.0 = Debug|Any CPU
		{E06F28D7-27FA-4BC4-9B37-A5C6CB4B5C95}.Release|Any CPU.ActiveCfg = Release|Any CPU
		{E06F28D7-27FA-4BC4-9B37-A5C6CB4B5C95}.Release|Any CPU.Build.0 = Release|Any CPU
		{28669128-FAD4-4DDC-B727-12FE343050F0}.Debug|Any CPU.ActiveCfg = Debug|Any CPU
		{28669128-FAD4-4DDC-B727-12FE343050F0}.Debug|Any CPU.Build.0 = Debug|Any CPU
		{28669128-FAD4-4DDC-B727-12FE343050F0}.Release|Any CPU.ActiveCfg = Release|Any CPU
		{28669128-FAD4-4DDC-B727-12FE343050F0}.Release|Any CPU.Build.0 = Release|Any CPU
		{A21FCB1E-C2CF-4AEB-8A7B-DC44A1EF79FF}.Debug|Any CPU.ActiveCfg = Debug|Any CPU
		{A21FCB1E-C2CF-4AEB-8A7B-DC44A1EF79FF}.Debug|Any CPU.Build.0 = Debug|Any CPU
		{A21FCB1E-C2CF-4AEB-8A7B-DC44A1EF79FF}.Release|Any CPU.ActiveCfg = Release|Any CPU
		{A21FCB1E-C2CF-4AEB-8A7B-DC44A1EF79FF}.Release|Any CPU.Build.0 = Release|Any CPU
		{6A123986-E7CD-4218-88CE-AA771A46E6EE}.Debug|Any CPU.ActiveCfg = Debug|Any CPU
		{6A123986-E7CD-4218-88CE-AA771A46E6EE}.Debug|Any CPU.Build.0 = Debug|Any CPU
		{6A123986-E7CD-4218-88CE-AA771A46E6EE}.Release|Any CPU.ActiveCfg = Release|Any CPU
		{6A123986-E7CD-4218-88CE-AA771A46E6EE}.Release|Any CPU.Build.0 = Release|Any CPU
		{D4C1780B-DB5A-4382-8097-386F16E4C6CC}.Debug|Any CPU.ActiveCfg = Debug|Any CPU
		{D4C1780B-DB5A-4382-8097-386F16E4C6CC}.Debug|Any CPU.Build.0 = Debug|Any CPU
		{D4C1780B-DB5A-4382-8097-386F16E4C6CC}.Release|Any CPU.ActiveCfg = Release|Any CPU
		{D4C1780B-DB5A-4382-8097-386F16E4C6CC}.Release|Any CPU.Build.0 = Release|Any CPU
		{BC603FD0-9E26-4C99-8BDB-0D18706D7938}.Debug|Any CPU.ActiveCfg = Debug|Any CPU
		{BC603FD0-9E26-4C99-8BDB-0D18706D7938}.Debug|Any CPU.Build.0 = Debug|Any CPU
		{BC603FD0-9E26-4C99-8BDB-0D18706D7938}.Release|Any CPU.ActiveCfg = Release|Any CPU
		{BC603FD0-9E26-4C99-8BDB-0D18706D7938}.Release|Any CPU.Build.0 = Release|Any CPU
		{330A1AB8-2647-4D64-8B04-47E7D6F5CB33}.Debug|Any CPU.ActiveCfg = Debug|Any CPU
		{330A1AB8-2647-4D64-8B04-47E7D6F5CB33}.Debug|Any CPU.Build.0 = Debug|Any CPU
		{330A1AB8-2647-4D64-8B04-47E7D6F5CB33}.Release|Any CPU.ActiveCfg = Release|Any CPU
		{330A1AB8-2647-4D64-8B04-47E7D6F5CB33}.Release|Any CPU.Build.0 = Release|Any CPU
		{8929E00E-4362-4CC7-A084-477B1C2AD0DA}.Debug|Any CPU.ActiveCfg = Debug|Any CPU
		{8929E00E-4362-4CC7-A084-477B1C2AD0DA}.Debug|Any CPU.Build.0 = Debug|Any CPU
		{8929E00E-4362-4CC7-A084-477B1C2AD0DA}.Release|Any CPU.ActiveCfg = Release|Any CPU
		{8929E00E-4362-4CC7-A084-477B1C2AD0DA}.Release|Any CPU.Build.0 = Release|Any CPU
		{A901340C-1FB3-49DA-827B-9A210712D827}.Debug|Any CPU.ActiveCfg = Debug|Any CPU
		{A901340C-1FB3-49DA-827B-9A210712D827}.Debug|Any CPU.Build.0 = Debug|Any CPU
		{A901340C-1FB3-49DA-827B-9A210712D827}.Release|Any CPU.ActiveCfg = Release|Any CPU
		{A901340C-1FB3-49DA-827B-9A210712D827}.Release|Any CPU.Build.0 = Release|Any CPU
		{D84968B0-90BB-454D-8A1C-3910A8C20A59}.Debug|Any CPU.ActiveCfg = Debug|Any CPU
		{D84968B0-90BB-454D-8A1C-3910A8C20A59}.Debug|Any CPU.Build.0 = Debug|Any CPU
		{D84968B0-90BB-454D-8A1C-3910A8C20A59}.Release|Any CPU.ActiveCfg = Release|Any CPU
		{D84968B0-90BB-454D-8A1C-3910A8C20A59}.Release|Any CPU.Build.0 = Release|Any CPU
		{1C571FA1-46F5-4225-B704-12FF722041E0}.Debug|Any CPU.ActiveCfg = Debug|Any CPU
		{1C571FA1-46F5-4225-B704-12FF722041E0}.Debug|Any CPU.Build.0 = Debug|Any CPU
		{1C571FA1-46F5-4225-B704-12FF722041E0}.Release|Any CPU.ActiveCfg = Release|Any CPU
		{1C571FA1-46F5-4225-B704-12FF722041E0}.Release|Any CPU.Build.0 = Release|Any CPU
		{0E9FA182-693E-43D4-B887-254317C0C137}.Debug|Any CPU.ActiveCfg = Debug|Any CPU
		{0E9FA182-693E-43D4-B887-254317C0C137}.Debug|Any CPU.Build.0 = Debug|Any CPU
		{0E9FA182-693E-43D4-B887-254317C0C137}.Release|Any CPU.ActiveCfg = Release|Any CPU
		{0E9FA182-693E-43D4-B887-254317C0C137}.Release|Any CPU.Build.0 = Release|Any CPU
		{25B990A6-602D-42F3-BBAA-D017A184E9ED}.Debug|Any CPU.ActiveCfg = Debug|Any CPU
		{25B990A6-602D-42F3-BBAA-D017A184E9ED}.Debug|Any CPU.Build.0 = Debug|Any CPU
		{25B990A6-602D-42F3-BBAA-D017A184E9ED}.Release|Any CPU.ActiveCfg = Release|Any CPU
		{25B990A6-602D-42F3-BBAA-D017A184E9ED}.Release|Any CPU.Build.0 = Release|Any CPU
		{2560B91D-776A-416F-83AD-2F239901DE9A}.Debug|Any CPU.ActiveCfg = Debug|Any CPU
		{2560B91D-776A-416F-83AD-2F239901DE9A}.Debug|Any CPU.Build.0 = Debug|Any CPU
		{2560B91D-776A-416F-83AD-2F239901DE9A}.Release|Any CPU.ActiveCfg = Release|Any CPU
		{2560B91D-776A-416F-83AD-2F239901DE9A}.Release|Any CPU.Build.0 = Release|Any CPU
		{9D7CAA7C-A4D1-4B3B-B3BE-6CE77C20512B}.Debug|Any CPU.ActiveCfg = Debug|Any CPU
		{9D7CAA7C-A4D1-4B3B-B3BE-6CE77C20512B}.Debug|Any CPU.Build.0 = Debug|Any CPU
		{9D7CAA7C-A4D1-4B3B-B3BE-6CE77C20512B}.Release|Any CPU.ActiveCfg = Release|Any CPU
		{9D7CAA7C-A4D1-4B3B-B3BE-6CE77C20512B}.Release|Any CPU.Build.0 = Release|Any CPU
		{2C305099-E09B-4D10-876C-03B8C240C5A5}.Debug|Any CPU.ActiveCfg = Debug|Any CPU
		{2C305099-E09B-4D10-876C-03B8C240C5A5}.Debug|Any CPU.Build.0 = Debug|Any CPU
		{2C305099-E09B-4D10-876C-03B8C240C5A5}.Release|Any CPU.ActiveCfg = Release|Any CPU
		{2C305099-E09B-4D10-876C-03B8C240C5A5}.Release|Any CPU.Build.0 = Release|Any CPU
		{F411201D-0441-4DA7-9CEF-D4110E69CE23}.Debug|Any CPU.ActiveCfg = Debug|Any CPU
		{F411201D-0441-4DA7-9CEF-D4110E69CE23}.Debug|Any CPU.Build.0 = Debug|Any CPU
		{F411201D-0441-4DA7-9CEF-D4110E69CE23}.Release|Any CPU.ActiveCfg = Release|Any CPU
		{F411201D-0441-4DA7-9CEF-D4110E69CE23}.Release|Any CPU.Build.0 = Release|Any CPU
		{EAF2094C-1436-44DC-9C83-FA25D7A9E9F4}.Debug|Any CPU.ActiveCfg = Debug|Any CPU
		{EAF2094C-1436-44DC-9C83-FA25D7A9E9F4}.Debug|Any CPU.Build.0 = Debug|Any CPU
		{EAF2094C-1436-44DC-9C83-FA25D7A9E9F4}.Release|Any CPU.ActiveCfg = Release|Any CPU
		{EAF2094C-1436-44DC-9C83-FA25D7A9E9F4}.Release|Any CPU.Build.0 = Release|Any CPU
		{4168CC12-845F-439B-8A76-EDB82168BC45}.Debug|Any CPU.ActiveCfg = Debug|Any CPU
		{4168CC12-845F-439B-8A76-EDB82168BC45}.Debug|Any CPU.Build.0 = Debug|Any CPU
		{4168CC12-845F-439B-8A76-EDB82168BC45}.Release|Any CPU.ActiveCfg = Release|Any CPU
		{4168CC12-845F-439B-8A76-EDB82168BC45}.Release|Any CPU.Build.0 = Release|Any CPU
		{8F4667F7-67A9-4E1A-8211-217827784E8A}.Debug|Any CPU.ActiveCfg = Debug|Any CPU
		{8F4667F7-67A9-4E1A-8211-217827784E8A}.Debug|Any CPU.Build.0 = Debug|Any CPU
		{8F4667F7-67A9-4E1A-8211-217827784E8A}.Release|Any CPU.ActiveCfg = Release|Any CPU
		{8F4667F7-67A9-4E1A-8211-217827784E8A}.Release|Any CPU.Build.0 = Release|Any CPU
		{471D70FC-81AD-4AE8-AFA3-314D12E40C9A}.Debug|Any CPU.ActiveCfg = Debug|Any CPU
		{471D70FC-81AD-4AE8-AFA3-314D12E40C9A}.Debug|Any CPU.Build.0 = Debug|Any CPU
		{471D70FC-81AD-4AE8-AFA3-314D12E40C9A}.Release|Any CPU.ActiveCfg = Release|Any CPU
		{471D70FC-81AD-4AE8-AFA3-314D12E40C9A}.Release|Any CPU.Build.0 = Release|Any CPU
		{F634DF31-ED09-41ED-B139-1E56EBC0B7AB}.Debug|Any CPU.ActiveCfg = Debug|Any CPU
		{F634DF31-ED09-41ED-B139-1E56EBC0B7AB}.Debug|Any CPU.Build.0 = Debug|Any CPU
		{F634DF31-ED09-41ED-B139-1E56EBC0B7AB}.Release|Any CPU.ActiveCfg = Release|Any CPU
		{F634DF31-ED09-41ED-B139-1E56EBC0B7AB}.Release|Any CPU.Build.0 = Release|Any CPU
		{DEA2678A-675B-4D94-BDD9-D2625ACE96C3}.Debug|Any CPU.ActiveCfg = Debug|Any CPU
		{DEA2678A-675B-4D94-BDD9-D2625ACE96C3}.Debug|Any CPU.Build.0 = Debug|Any CPU
		{DEA2678A-675B-4D94-BDD9-D2625ACE96C3}.Release|Any CPU.ActiveCfg = Release|Any CPU
		{DEA2678A-675B-4D94-BDD9-D2625ACE96C3}.Release|Any CPU.Build.0 = Release|Any CPU
		{4E0911ED-276C-4F0B-8054-820D0014028F}.Debug|Any CPU.ActiveCfg = Debug|Any CPU
		{4E0911ED-276C-4F0B-8054-820D0014028F}.Debug|Any CPU.Build.0 = Debug|Any CPU
		{4E0911ED-276C-4F0B-8054-820D0014028F}.Release|Any CPU.ActiveCfg = Release|Any CPU
		{4E0911ED-276C-4F0B-8054-820D0014028F}.Release|Any CPU.Build.0 = Release|Any CPU
		{9F7BCDD7-7C68-4E46-89B6-62B7A4B42972}.Debug|Any CPU.ActiveCfg = Debug|Any CPU
		{9F7BCDD7-7C68-4E46-89B6-62B7A4B42972}.Debug|Any CPU.Build.0 = Debug|Any CPU
		{9F7BCDD7-7C68-4E46-89B6-62B7A4B42972}.Release|Any CPU.ActiveCfg = Release|Any CPU
		{9F7BCDD7-7C68-4E46-89B6-62B7A4B42972}.Release|Any CPU.Build.0 = Release|Any CPU
	EndGlobalSection
	GlobalSection(SolutionProperties) = preSolution
		HideSolutionNode = FALSE
	EndGlobalSection
	GlobalSection(NestedProjects) = preSolution
		{5940E900-344A-4467-A0DB-051720534354} = {4A869069-C5D5-4BC0-A26F-084BFAA646A1}
		{A5BE2127-5CF5-4D15-AF43-EF5F717850A7} = {4A869069-C5D5-4BC0-A26F-084BFAA646A1}
		{6098D6F9-8042-420B-8F4C-5A3A073C7106} = {5637B9C3-5CE0-4B19-AD9F-C90B74E4C372}
		{84457B86-3A8B-41DE-9AC8-FE731325E254} = {6098D6F9-8042-420B-8F4C-5A3A073C7106}
		{0B1FA54B-B2BF-4FA4-9148-01591E189C23} = {6098D6F9-8042-420B-8F4C-5A3A073C7106}
		{E06F28D7-27FA-4BC4-9B37-A5C6CB4B5C95} = {5637B9C3-5CE0-4B19-AD9F-C90B74E4C372}
		{28669128-FAD4-4DDC-B727-12FE343050F0} = {4C898FF5-F466-434D-8DFC-A269071AE837}
		{A21FCB1E-C2CF-4AEB-8A7B-DC44A1EF79FF} = {779CA170-FD0C-4146-8CC6-69BBB379F13C}
		{6A123986-E7CD-4218-88CE-AA771A46E6EE} = {84B0064F-11B3-4BEF-B2D1-9311D88BAABC}
		{D4C1780B-DB5A-4382-8097-386F16E4C6CC} = {84B0064F-11B3-4BEF-B2D1-9311D88BAABC}
		{BC603FD0-9E26-4C99-8BDB-0D18706D7938} = {84B0064F-11B3-4BEF-B2D1-9311D88BAABC}
		{330A1AB8-2647-4D64-8B04-47E7D6F5CB33} = {84B0064F-11B3-4BEF-B2D1-9311D88BAABC}
		{8929E00E-4362-4CC7-A084-477B1C2AD0DA} = {4AB960F6-4F41-45AE-97BB-B8C8F9CBA37D}
		{A901340C-1FB3-49DA-827B-9A210712D827} = {AC98BF5E-D101-4C65-B39F-B0B9041D0217}
		{D84968B0-90BB-454D-8A1C-3910A8C20A59} = {3A679BE3-5855-4431-AE74-0F26F49A121A}
		{1C571FA1-46F5-4225-B704-12FF722041E0} = {BD20572A-AF81-4386-8D67-3C57251A95A6}
		{0E9FA182-693E-43D4-B887-254317C0C137} = {67F9455F-E270-4FF9-A9DD-BD85AB2C932C}
		{E77BE4CE-EDE3-480A-9492-4FA5FE0C780D} = {D5135BD9-2E88-4BC1-86B3-D5540AEC3D1A}
		{67F9455F-E270-4FF9-A9DD-BD85AB2C932C} = {E77BE4CE-EDE3-480A-9492-4FA5FE0C780D}
		{25B990A6-602D-42F3-BBAA-D017A184E9ED} = {67F9455F-E270-4FF9-A9DD-BD85AB2C932C}
		{2560B91D-776A-416F-83AD-2F239901DE9A} = {67F9455F-E270-4FF9-A9DD-BD85AB2C932C}
		{9D7CAA7C-A4D1-4B3B-B3BE-6CE77C20512B} = {67F9455F-E270-4FF9-A9DD-BD85AB2C932C}
		{2C305099-E09B-4D10-876C-03B8C240C5A5} = {67F9455F-E270-4FF9-A9DD-BD85AB2C932C}
		{F411201D-0441-4DA7-9CEF-D4110E69CE23} = {051F2787-626B-48EC-B1DB-8522E36DEE80}
		{EAF2094C-1436-44DC-9C83-FA25D7A9E9F4} = {E77BE4CE-EDE3-480A-9492-4FA5FE0C780D}
		{4168CC12-845F-439B-8A76-EDB82168BC45} = {1C522E11-6715-46BD-AF80-48C787981495}
		{8F4667F7-67A9-4E1A-8211-217827784E8A} = {1C522E11-6715-46BD-AF80-48C787981495}
		{471D70FC-81AD-4AE8-AFA3-314D12E40C9A} = {4AC28D58-77B1-47CF-88E2-DFC30471C473}
		{F634DF31-ED09-41ED-B139-1E56EBC0B7AB} = {2046F1B7-1A87-4F7B-8F3A-3FB2D1DF91BC}
		{DEA2678A-675B-4D94-BDD9-D2625ACE96C3} = {2046F1B7-1A87-4F7B-8F3A-3FB2D1DF91BC}
		{4E0911ED-276C-4F0B-8054-820D0014028F} = {2046F1B7-1A87-4F7B-8F3A-3FB2D1DF91BC}
		{9F7BCDD7-7C68-4E46-89B6-62B7A4B42972} = {BCEC71CF-33DD-4EF2-865F-3D81C024B8D0}
	EndGlobalSection
	GlobalSection(ExtensibilityGlobals) = postSolution
		SolutionGuid = {EB0A90DA-BA93-4A16-B018-D3B0AC217CED}
	EndGlobalSection
EndGlobal
