
Microsoft Visual Studio Solution File, Format Version 12.00
# Visual Studio Version 17
VisualStudioVersion = 17.4.33205.214
MinimumVisualStudioVersion = 10.0.40219.1
Project("{2150E333-8FDC-42A3-9474-1A3956D46DE8}") = "Day1", "Day1", "{4A869069-C5D5-4BC0-A26F-084BFAA646A1}"
EndProject
Project("{9A19103F-16F7-4668-BE54-9A1E7A4F7556}") = "ITRun_HelloWorldConsoleApp", "Day1\ITRun_HelloWorldConsoleApp\ITRun_HelloWorldConsoleApp.csproj", "{5940E900-344A-4467-A0DB-051720534354}"
EndProject
Project("{9A19103F-16F7-4668-BE54-9A1E7A4F7556}") = "ITRun_Store", "Day1\ITRun_Store\ITRun_Store.csproj", "{A5BE2127-5CF5-4D15-AF43-EF5F717850A7}"
EndProject
Project("{2150E333-8FDC-42A3-9474-1A3956D46DE8}") = "Day2", "Day2", "{5637B9C3-5CE0-4B19-AD9F-C90B74E4C372}"
EndProject
Project("{2150E333-8FDC-42A3-9474-1A3956D46DE8}") = "Tasks", "Tasks", "{6098D6F9-8042-420B-8F4C-5A3A073C7106}"
EndProject
Project("{9A19103F-16F7-4668-BE54-9A1E7A4F7556}") = "BoxingAndUnboxingTask", "Day2\Tasks\BoxingAndUnboxingTask\BoxingAndUnboxingTask.csproj", "{84457B86-3A8B-41DE-9AC8-FE731325E254}"
EndProject
Project("{9A19103F-16F7-4668-BE54-9A1E7A4F7556}") = "MemoryTask", "Day2\Tasks\MemoryTask\MemoryTask.csproj", "{0B1FA54B-B2BF-4FA4-9148-01591E189C23}"
EndProject
Project("{9A19103F-16F7-4668-BE54-9A1E7A4F7556}") = "MemoryTest", "Day2\MemoryTest\MemoryTest.csproj", "{E06F28D7-27FA-4BC4-9B37-A5C6CB4B5C95}"
EndProject
Project("{2150E333-8FDC-42A3-9474-1A3956D46DE8}") = "Day3", "Day3", "{4C898FF5-F466-434D-8DFC-A269071AE837}"
EndProject
Project("{9A19103F-16F7-4668-BE54-9A1E7A4F7556}") = "ManagedAndUnmanaged", "Day3\ManagedAndUnmanaged\ManagedAndUnmanaged.csproj", "{28669128-FAD4-4DDC-B727-12FE343050F0}"
EndProject
Project("{2150E333-8FDC-42A3-9474-1A3956D46DE8}") = "Day4", "Day4", "{779CA170-FD0C-4146-8CC6-69BBB379F13C}"
EndProject
Project("{9A19103F-16F7-4668-BE54-9A1E7A4F7556}") = "ClassExamples", "Day4\ClassExamples\ClassExamples.csproj", "{A21FCB1E-C2CF-4AEB-8A7B-DC44A1EF79FF}"
EndProject
Project("{2150E333-8FDC-42A3-9474-1A3956D46DE8}") = "Day5", "Day5", "{84B0064F-11B3-4BEF-B2D1-9311D88BAABC}"
EndProject
Project("{9A19103F-16F7-4668-BE54-9A1E7A4F7556}") = "GenericExamples1.1", "Day5\GenericExamples\GenericExamples1.1.csproj", "{6A123986-E7CD-4218-88CE-AA771A46E6EE}"
EndProject
Project("{9A19103F-16F7-4668-BE54-9A1E7A4F7556}") = "Generic1.2", "Day5\Generi\Generic1.2\Generic1.2.csproj", "{D4C1780B-DB5A-4382-8097-386F16E4C6CC}"
EndProject
Project("{9A19103F-16F7-4668-BE54-9A1E7A4F7556}") = "Generic1.3", "Day5\Generic1.3\Generic1.3.csproj", "{BC603FD0-9E26-4C99-8BDB-0D18706D7938}"
EndProject
Project("{9A19103F-16F7-4668-BE54-9A1E7A4F7556}") = "Day5HomeWork", "Day5\Day5HomeWork\Day5HomeWork.csproj", "{330A1AB8-2647-4D64-8B04-47E7D6F5CB33}"
EndProject
Project("{2150E333-8FDC-42A3-9474-1A3956D46DE8}") = "Day6", "Day6", "{4AB960F6-4F41-45AE-97BB-B8C8F9CBA37D}"
EndProject
Project("{9A19103F-16F7-4668-BE54-9A1E7A4F7556}") = "LINQExamples", "Day6\LINQExamples\LINQExamples.csproj", "{8929E00E-4362-4CC7-A084-477B1C2AD0DA}"
EndProject
Project("{2150E333-8FDC-42A3-9474-1A3956D46DE8}") = "Day8-OOP", "Day8-OOP", "{AC98BF5E-D101-4C65-B39F-B0B9041D0217}"
EndProject
Project("{9A19103F-16F7-4668-BE54-9A1E7A4F7556}") = "OOPExamples", "Day8-OOP\OOPExamples\OOPExamples.csproj", "{A901340C-1FB3-49DA-827B-9A210712D827}"
EndProject
Project("{2150E333-8FDC-42A3-9474-1A3956D46DE8}") = "DesignPatternsExample", "DesignPatternsExample", "{3A679BE3-5855-4431-AE74-0F26F49A121A}"
EndProject
Project("{FAE04EC0-301F-11D3-BF4B-00C04F79EFBC}") = "MyWarehouse", "DesignPatterns\MyWarehouse\MyWarehouse.csproj", "{D84968B0-90BB-454D-8A1C-3910A8C20A59}"
EndProject
Global
	GlobalSection(SolutionConfigurationPlatforms) = preSolution
		Debug|Any CPU = Debug|Any CPU
		Release|Any CPU = Release|Any CPU
	EndGlobalSection
	GlobalSection(ProjectConfigurationPlatforms) = postSolution
		{5940E900-344A-4467-A0DB-051720534354}.Debug|Any CPU.ActiveCfg = Debug|Any CPU
		{5940E900-344A-4467-A0DB-051720534354}.Debug|Any CPU.Build.0 = Debug|Any CPU
		{5940E900-344A-4467-A0DB-051720534354}.Release|Any CPU.ActiveCfg = Release|Any CPU
		{5940E900-344A-4467-A0DB-051720534354}.Release|Any CPU.Build.0 = Release|Any CPU
		{A5BE2127-5CF5-4D15-AF43-EF5F717850A7}.Debug|Any CPU.ActiveCfg = Debug|Any CPU
		{A5BE2127-5CF5-4D15-AF43-EF5F717850A7}.Debug|Any CPU.Build.0 = Debug|Any CPU
		{A5BE2127-5CF5-4D15-AF43-EF5F717850A7}.Release|Any CPU.ActiveCfg = Release|Any CPU
		{A5BE2127-5CF5-4D15-AF43-EF5F717850A7}.Release|Any CPU.Build.0 = Release|Any CPU
		{84457B86-3A8B-41DE-9AC8-FE731325E254}.Debug|Any CPU.ActiveCfg = Debug|Any CPU
		{84457B86-3A8B-41DE-9AC8-FE731325E254}.Debug|Any CPU.Build.0 = Debug|Any CPU
		{84457B86-3A8B-41DE-9AC8-FE731325E254}.Release|Any CPU.ActiveCfg = Release|Any CPU
		{84457B86-3A8B-41DE-9AC8-FE731325E254}.Release|Any CPU.Build.0 = Release|Any CPU
		{0B1FA54B-B2BF-4FA4-9148-01591E189C23}.Debug|Any CPU.ActiveCfg = Debug|Any CPU
		{0B1FA54B-B2BF-4FA4-9148-01591E189C23}.Debug|Any CPU.Build.0 = Debug|Any CPU
		{0B1FA54B-B2BF-4FA4-9148-01591E189C23}.Release|Any CPU.ActiveCfg = Release|Any CPU
		{0B1FA54B-B2BF-4FA4-9148-01591E189C23}.Release|Any CPU.Build.0 = Release|Any CPU
		{E06F28D7-27FA-4BC4-9B37-A5C6CB4B5C95}.Debug|Any CPU.ActiveCfg = Debug|Any CPU
		{E06F28D7-27FA-4BC4-9B37-A5C6CB4B5C95}.Debug|Any CPU.Build.0 = Debug|Any CPU
		{E06F28D7-27FA-4BC4-9B37-A5C6CB4B5C95}.Release|Any CPU.ActiveCfg = Release|Any CPU
		{E06F28D7-27FA-4BC4-9B37-A5C6CB4B5C95}.Release|Any CPU.Build.0 = Release|Any CPU
		{28669128-FAD4-4DDC-B727-12FE343050F0}.Debug|Any CPU.ActiveCfg = Debug|Any CPU
		{28669128-FAD4-4DDC-B727-12FE343050F0}.Debug|Any CPU.Build.0 = Debug|Any CPU
		{28669128-FAD4-4DDC-B727-12FE343050F0}.Release|Any CPU.ActiveCfg = Release|Any CPU
		{28669128-FAD4-4DDC-B727-12FE343050F0}.Release|Any CPU.Build.0 = Release|Any CPU
		{A21FCB1E-C2CF-4AEB-8A7B-DC44A1EF79FF}.Debug|Any CPU.ActiveCfg = Debug|Any CPU
		{A21FCB1E-C2CF-4AEB-8A7B-DC44A1EF79FF}.Debug|Any CPU.Build.0 = Debug|Any CPU
		{A21FCB1E-C2CF-4AEB-8A7B-DC44A1EF79FF}.Release|Any CPU.ActiveCfg = Release|Any CPU
		{A21FCB1E-C2CF-4AEB-8A7B-DC44A1EF79FF}.Release|Any CPU.Build.0 = Release|Any CPU
		{6A123986-E7CD-4218-88CE-AA771A46E6EE}.Debug|Any CPU.ActiveCfg = Debug|Any CPU
		{6A123986-E7CD-4218-88CE-AA771A46E6EE}.Debug|Any CPU.Build.0 = Debug|Any CPU
		{6A123986-E7CD-4218-88CE-AA771A46E6EE}.Release|Any CPU.ActiveCfg = Release|Any CPU
		{6A123986-E7CD-4218-88CE-AA771A46E6EE}.Release|Any CPU.Build.0 = Release|Any CPU
		{D4C1780B-DB5A-4382-8097-386F16E4C6CC}.Debug|Any CPU.ActiveCfg = Debug|Any CPU
		{D4C1780B-DB5A-4382-8097-386F16E4C6CC}.Debug|Any CPU.Build.0 = Debug|Any CPU
		{D4C1780B-DB5A-4382-8097-386F16E4C6CC}.Release|Any CPU.ActiveCfg = Release|Any CPU
		{D4C1780B-DB5A-4382-8097-386F16E4C6CC}.Release|Any CPU.Build.0 = Release|Any CPU
		{BC603FD0-9E26-4C99-8BDB-0D18706D7938}.Debug|Any CPU.ActiveCfg = Debug|Any CPU
		{BC603FD0-9E26-4C99-8BDB-0D18706D7938}.Debug|Any CPU.Build.0 = Debug|Any CPU
		{BC603FD0-9E26-4C99-8BDB-0D18706D7938}.Release|Any CPU.ActiveCfg = Release|Any CPU
		{BC603FD0-9E26-4C99-8BDB-0D18706D7938}.Release|Any CPU.Build.0 = Release|Any CPU
		{330A1AB8-2647-4D64-8B04-47E7D6F5CB33}.Debug|Any CPU.ActiveCfg = Debug|Any CPU
		{330A1AB8-2647-4D64-8B04-47E7D6F5CB33}.Debug|Any CPU.Build.0 = Debug|Any CPU
		{330A1AB8-2647-4D64-8B04-47E7D6F5CB33}.Release|Any CPU.ActiveCfg = Release|Any CPU
		{330A1AB8-2647-4D64-8B04-47E7D6F5CB33}.Release|Any CPU.Build.0 = Release|Any CPU
		{8929E00E-4362-4CC7-A084-477B1C2AD0DA}.Debug|Any CPU.ActiveCfg = Debug|Any CPU
		{8929E00E-4362-4CC7-A084-477B1C2AD0DA}.Debug|Any CPU.Build.0 = Debug|Any CPU
		{8929E00E-4362-4CC7-A084-477B1C2AD0DA}.Release|Any CPU.ActiveCfg = Release|Any CPU
		{8929E00E-4362-4CC7-A084-477B1C2AD0DA}.Release|Any CPU.Build.0 = Release|Any CPU
		{A901340C-1FB3-49DA-827B-9A210712D827}.Debug|Any CPU.ActiveCfg = Debug|Any CPU
		{A901340C-1FB3-49DA-827B-9A210712D827}.Debug|Any CPU.Build.0 = Debug|Any CPU
		{A901340C-1FB3-49DA-827B-9A210712D827}.Release|Any CPU.ActiveCfg = Release|Any CPU
		{A901340C-1FB3-49DA-827B-9A210712D827}.Release|Any CPU.Build.0 = Release|Any CPU
		{D84968B0-90BB-454D-8A1C-3910A8C20A59}.Debug|Any CPU.ActiveCfg = Debug|Any CPU
		{D84968B0-90BB-454D-8A1C-3910A8C20A59}.Debug|Any CPU.Build.0 = Debug|Any CPU
		{D84968B0-90BB-454D-8A1C-3910A8C20A59}.Release|Any CPU.ActiveCfg = Release|Any CPU
		{D84968B0-90BB-454D-8A1C-3910A8C20A59}.Release|Any CPU.Build.0 = Release|Any CPU
	EndGlobalSection
	GlobalSection(SolutionProperties) = preSolution
		HideSolutionNode = FALSE
	EndGlobalSection
	GlobalSection(NestedProjects) = preSolution
		{5940E900-344A-4467-A0DB-051720534354} = {4A869069-C5D5-4BC0-A26F-084BFAA646A1}
		{A5BE2127-5CF5-4D15-AF43-EF5F717850A7} = {4A869069-C5D5-4BC0-A26F-084BFAA646A1}
		{6098D6F9-8042-420B-8F4C-5A3A073C7106} = {5637B9C3-5CE0-4B19-AD9F-C90B74E4C372}
		{84457B86-3A8B-41DE-9AC8-FE731325E254} = {6098D6F9-8042-420B-8F4C-5A3A073C7106}
		{0B1FA54B-B2BF-4FA4-9148-01591E189C23} = {6098D6F9-8042-420B-8F4C-5A3A073C7106}
		{E06F28D7-27FA-4BC4-9B37-A5C6CB4B5C95} = {5637B9C3-5CE0-4B19-AD9F-C90B74E4C372}
		{28669128-FAD4-4DDC-B727-12FE343050F0} = {4C898FF5-F466-434D-8DFC-A269071AE837}
		{A21FCB1E-C2CF-4AEB-8A7B-DC44A1EF79FF} = {779CA170-FD0C-4146-8CC6-69BBB379F13C}
		{6A123986-E7CD-4218-88CE-AA771A46E6EE} = {84B0064F-11B3-4BEF-B2D1-9311D88BAABC}
		{D4C1780B-DB5A-4382-8097-386F16E4C6CC} = {84B0064F-11B3-4BEF-B2D1-9311D88BAABC}
		{BC603FD0-9E26-4C99-8BDB-0D18706D7938} = {84B0064F-11B3-4BEF-B2D1-9311D88BAABC}
		{330A1AB8-2647-4D64-8B04-47E7D6F5CB33} = {84B0064F-11B3-4BEF-B2D1-9311D88BAABC}
		{8929E00E-4362-4CC7-A084-477B1C2AD0DA} = {4AB960F6-4F41-45AE-97BB-B8C8F9CBA37D}
		{A901340C-1FB3-49DA-827B-9A210712D827} = {AC98BF5E-D101-4C65-B39F-B0B9041D0217}
		{D84968B0-90BB-454D-8A1C-3910A8C20A59} = {3A679BE3-5855-4431-AE74-0F26F49A121A}
	EndGlobalSection
	GlobalSection(ExtensibilityGlobals) = postSolution
		SolutionGuid = {EB0A90DA-BA93-4A16-B018-D3B0AC217CED}
	EndGlobalSection
EndGlobal
